// !$*UTF8*$!
{
	archiveVersion = 1;
	classes = {
	};
	objectVersion = 50;
	objects = {

/* Begin PBXBuildFile section */
		04B2409C2133A911007CF8B1 /* ast.cpp in Sources */ = {isa = PBXBuildFile; fileRef = 04B2409A2133A911007CF8B1 /* ast.cpp */; };
		04B2409E2134CA31007CF8B1 /* test_2.yzg in Sources */ = {isa = PBXBuildFile; fileRef = 04B2409D2134CA31007CF8B1 /* test_2.yzg */; };
		04E53445212F0EAC006834F4 /* main.cpp in Sources */ = {isa = PBXBuildFile; fileRef = 04E53444212F0EAC006834F4 /* main.cpp */; };
		04E5344E212F0EF0006834F4 /* reader.cpp in Sources */ = {isa = PBXBuildFile; fileRef = 04E5344C212F0EF0006834F4 /* reader.cpp */; };
		04E5345121326BA5006834F4 /* test_1.yzg in Sources */ = {isa = PBXBuildFile; fileRef = 04E5345021326BA5006834F4 /* test_1.yzg */; };
/* End PBXBuildFile section */

/* Begin PBXCopyFilesBuildPhase section */
		04E5343F212F0EAC006834F4 /* CopyFiles */ = {
			isa = PBXCopyFilesBuildPhase;
			buildActionMask = 2147483647;
			dstPath = /usr/share/man/man1/;
			dstSubfolderSpec = 0;
			files = (
			);
			runOnlyForDeploymentPostprocessing = 1;
		};
/* End PBXCopyFilesBuildPhase section */

/* Begin PBXFileReference section */
		04A56F8921666FEB00DB3482 /* todo */ = {isa = PBXFileReference; lastKnownFileType = text; path = todo; sourceTree = "<group>"; };
		04A56F8B2173B6E800DB3482 /* profile_array_of_structures.yzg */ = {isa = PBXFileReference; lastKnownFileType = text; path = profile_array_of_structures.yzg; sourceTree = "<group>"; };
		04AB28BF215B40F300695531 /* test_3.yzg */ = {isa = PBXFileReference; lastKnownFileType = text; path = test_3.yzg; sourceTree = "<group>"; };
		04B2409A2133A911007CF8B1 /* ast.cpp */ = {isa = PBXFileReference; lastKnownFileType = sourcecode.cpp.cpp; path = ast.cpp; sourceTree = "<group>"; };
		04B2409B2133A911007CF8B1 /* ast.hpp */ = {isa = PBXFileReference; lastKnownFileType = sourcecode.cpp.h; path = ast.hpp; sourceTree = "<group>"; };
		04B2409D2134CA31007CF8B1 /* test_2.yzg */ = {isa = PBXFileReference; lastKnownFileType = text; path = test_2.yzg; sourceTree = "<group>"; };
		04B240A02134CBFB007CF8B1 /* enums.h */ = {isa = PBXFileReference; lastKnownFileType = sourcecode.c.h; path = enums.h; sourceTree = "<group>"; };
		04E53441212F0EAC006834F4 /* yzg */ = {isa = PBXFileReference; explicitFileType = "compiled.mach-o.executable"; includeInIndex = 0; path = yzg; sourceTree = BUILT_PRODUCTS_DIR; };
		04E53444212F0EAC006834F4 /* main.cpp */ = {isa = PBXFileReference; lastKnownFileType = sourcecode.cpp.cpp; path = main.cpp; sourceTree = "<group>"; };
		04E5344C212F0EF0006834F4 /* reader.cpp */ = {isa = PBXFileReference; lastKnownFileType = sourcecode.cpp.cpp; path = reader.cpp; sourceTree = "<group>"; };
		04E5344D212F0EF0006834F4 /* reader.hpp */ = {isa = PBXFileReference; lastKnownFileType = sourcecode.cpp.h; path = reader.hpp; sourceTree = "<group>"; };
		04E5345021326BA5006834F4 /* test_1.yzg */ = {isa = PBXFileReference; lastKnownFileType = text; path = test_1.yzg; sourceTree = "<group>"; };
/* End PBXFileReference section */

/* Begin PBXFrameworksBuildPhase section */
		04E5343E212F0EAC006834F4 /* Frameworks */ = {
			isa = PBXFrameworksBuildPhase;
			buildActionMask = 2147483647;
			files = (
			);
			runOnlyForDeploymentPostprocessing = 0;
		};
/* End PBXFrameworksBuildPhase section */

/* Begin PBXGroup section */
		04B240992133A8F0007CF8B1 /* ast */ = {
			isa = PBXGroup;
			children = (
				04B2409A2133A911007CF8B1 /* ast.cpp */,
				04B2409B2133A911007CF8B1 /* ast.hpp */,
			);
			path = ast;
			sourceTree = "<group>";
		};
		04B2409F2134CBD0007CF8B1 /* misc */ = {
			isa = PBXGroup;
			children = (
				04B240A02134CBFB007CF8B1 /* enums.h */,
			);
			path = misc;
			sourceTree = "<group>";
		};
		04E53438212F0EAC006834F4 = {
			isa = PBXGroup;
			children = (
				04A56F8921666FEB00DB3482 /* todo */,
				04B2409F2134CBD0007CF8B1 /* misc */,
				04B240992133A8F0007CF8B1 /* ast */,
				04E5344F21326B80006834F4 /* test */,
				04E5344B212F0ECA006834F4 /* lexer */,
				04E53443212F0EAC006834F4 /* yzg */,
				04E53442212F0EAC006834F4 /* Products */,
			);
			sourceTree = "<group>";
		};
		04E53442212F0EAC006834F4 /* Products */ = {
			isa = PBXGroup;
			children = (
				04E53441212F0EAC006834F4 /* yzg */,
			);
			name = Products;
			sourceTree = "<group>";
		};
		04E53443212F0EAC006834F4 /* yzg */ = {
			isa = PBXGroup;
			children = (
				04E53444212F0EAC006834F4 /* main.cpp */,
			);
			path = yzg;
			sourceTree = "<group>";
		};
		04E5344B212F0ECA006834F4 /* lexer */ = {
			isa = PBXGroup;
			children = (
				04E5344C212F0EF0006834F4 /* reader.cpp */,
				04E5344D212F0EF0006834F4 /* reader.hpp */,
			);
			path = lexer;
			sourceTree = "<group>";
		};
		04E5344F21326B80006834F4 /* test */ = {
			isa = PBXGroup;
			children = (
				04E5345021326BA5006834F4 /* test_1.yzg */,
				04B2409D2134CA31007CF8B1 /* test_2.yzg */,
				04AB28BF215B40F300695531 /* test_3.yzg */,
				04A56F8B2173B6E800DB3482 /* profile_array_of_structures.yzg */,
			);
			path = test;
			sourceTree = "<group>";
		};
/* End PBXGroup section */

/* Begin PBXNativeTarget section */
		04E53440212F0EAC006834F4 /* yzg */ = {
			isa = PBXNativeTarget;
			buildConfigurationList = 04E53448212F0EAC006834F4 /* Build configuration list for PBXNativeTarget "yzg" */;
			buildPhases = (
				04E5343D212F0EAC006834F4 /* Sources */,
				04E5343E212F0EAC006834F4 /* Frameworks */,
				04E5343F212F0EAC006834F4 /* CopyFiles */,
			);
			buildRules = (
			);
			dependencies = (
			);
			name = yzg;
			productName = yzg;
			productReference = 04E53441212F0EAC006834F4 /* yzg */;
			productType = "com.apple.product-type.tool";
		};
/* End PBXNativeTarget section */

/* Begin PBXProject section */
		04E53439212F0EAC006834F4 /* Project object */ = {
			isa = PBXProject;
			attributes = {
				LastUpgradeCheck = 0940;
				ORGANIZATIONNAME = "Boris Batkin";
				TargetAttributes = {
					04E53440212F0EAC006834F4 = {
						CreatedOnToolsVersion = 9.4.1;
					};
				};
			};
			buildConfigurationList = 04E5343C212F0EAC006834F4 /* Build configuration list for PBXProject "yzg" */;
			compatibilityVersion = "Xcode 9.3";
			developmentRegion = en;
			hasScannedForEncodings = 0;
			knownRegions = (
				en,
			);
			mainGroup = 04E53438212F0EAC006834F4;
			productRefGroup = 04E53442212F0EAC006834F4 /* Products */;
			projectDirPath = "";
			projectRoot = "";
			targets = (
				04E53440212F0EAC006834F4 /* yzg */,
			);
		};
/* End PBXProject section */

/* Begin PBXSourcesBuildPhase section */
		04E5343D212F0EAC006834F4 /* Sources */ = {
			isa = PBXSourcesBuildPhase;
			buildActionMask = 2147483647;
			files = (
				04B2409E2134CA31007CF8B1 /* test_2.yzg in Sources */,
				04B2409C2133A911007CF8B1 /* ast.cpp in Sources */,
				04E5345121326BA5006834F4 /* test_1.yzg in Sources */,
				04E5344E212F0EF0006834F4 /* reader.cpp in Sources */,
				04E53445212F0EAC006834F4 /* main.cpp in Sources */,
			);
			runOnlyForDeploymentPostprocessing = 0;
		};
/* End PBXSourcesBuildPhase section */

/* Begin XCBuildConfiguration section */
		04E53446212F0EAC006834F4 /* Debug */ = {
			isa = XCBuildConfiguration;
			buildSettings = {
				ALWAYS_SEARCH_USER_PATHS = NO;
				CLANG_ANALYZER_NONNULL = YES;
				CLANG_ANALYZER_NUMBER_OBJECT_CONVERSION = YES_AGGRESSIVE;
				CLANG_CXX_LANGUAGE_STANDARD = "gnu++14";
				CLANG_CXX_LIBRARY = "libc++";
				CLANG_ENABLE_MODULES = YES;
				CLANG_ENABLE_OBJC_ARC = YES;
				CLANG_ENABLE_OBJC_WEAK = YES;
				CLANG_WARN_BLOCK_CAPTURE_AUTORELEASING = YES;
				CLANG_WARN_BOOL_CONVERSION = YES;
				CLANG_WARN_COMMA = YES;
				CLANG_WARN_CONSTANT_CONVERSION = YES;
				CLANG_WARN_DEPRECATED_OBJC_IMPLEMENTATIONS = YES;
				CLANG_WARN_DIRECT_OBJC_ISA_USAGE = YES_ERROR;
				CLANG_WARN_DOCUMENTATION_COMMENTS = YES;
				CLANG_WARN_EMPTY_BODY = YES;
				CLANG_WARN_ENUM_CONVERSION = YES;
				CLANG_WARN_INFINITE_RECURSION = YES;
				CLANG_WARN_INT_CONVERSION = YES;
				CLANG_WARN_NON_LITERAL_NULL_CONVERSION = YES;
				CLANG_WARN_OBJC_IMPLICIT_RETAIN_SELF = YES;
				CLANG_WARN_OBJC_LITERAL_CONVERSION = YES;
				CLANG_WARN_OBJC_ROOT_CLASS = YES_ERROR;
				CLANG_WARN_RANGE_LOOP_ANALYSIS = YES;
				CLANG_WARN_STRICT_PROTOTYPES = YES;
				CLANG_WARN_SUSPICIOUS_MOVE = YES;
				CLANG_WARN_UNGUARDED_AVAILABILITY = YES_AGGRESSIVE;
				CLANG_WARN_UNREACHABLE_CODE = YES;
				CLANG_WARN__DUPLICATE_METHOD_MATCH = YES;
				CODE_SIGN_IDENTITY = "-";
				COPY_PHASE_STRIP = NO;
				DEBUG_INFORMATION_FORMAT = dwarf;
				ENABLE_STRICT_OBJC_MSGSEND = YES;
				ENABLE_TESTABILITY = YES;
				GCC_C_LANGUAGE_STANDARD = gnu11;
				GCC_DYNAMIC_NO_PIC = NO;
				GCC_NO_COMMON_BLOCKS = YES;
				GCC_OPTIMIZATION_LEVEL = 0;
				GCC_PREPROCESSOR_DEFINITIONS = (
					"DEBUG=1",
					"$(inherited)",
				);
				GCC_WARN_64_TO_32_BIT_CONVERSION = YES;
				GCC_WARN_ABOUT_RETURN_TYPE = YES_ERROR;
				GCC_WARN_UNDECLARED_SELECTOR = YES;
				GCC_WARN_UNINITIALIZED_AUTOS = YES_AGGRESSIVE;
				GCC_WARN_UNUSED_FUNCTION = YES;
				GCC_WARN_UNUSED_VARIABLE = YES;
				MACOSX_DEPLOYMENT_TARGET = 10.13;
				MTL_ENABLE_DEBUG_INFO = YES;
				ONLY_ACTIVE_ARCH = YES;
				SDKROOT = macosx;
			};
			name = Debug;
		};
		04E53447212F0EAC006834F4 /* Release */ = {
			isa = XCBuildConfiguration;
			buildSettings = {
				ALWAYS_SEARCH_USER_PATHS = NO;
				CLANG_ANALYZER_NONNULL = YES;
				CLANG_ANALYZER_NUMBER_OBJECT_CONVERSION = YES_AGGRESSIVE;
				CLANG_CXX_LANGUAGE_STANDARD = "gnu++14";
				CLANG_CXX_LIBRARY = "libc++";
				CLANG_ENABLE_MODULES = YES;
				CLANG_ENABLE_OBJC_ARC = YES;
				CLANG_ENABLE_OBJC_WEAK = YES;
				CLANG_WARN_BLOCK_CAPTURE_AUTORELEASING = YES;
				CLANG_WARN_BOOL_CONVERSION = YES;
				CLANG_WARN_COMMA = YES;
				CLANG_WARN_CONSTANT_CONVERSION = YES;
				CLANG_WARN_DEPRECATED_OBJC_IMPLEMENTATIONS = YES;
				CLANG_WARN_DIRECT_OBJC_ISA_USAGE = YES_ERROR;
				CLANG_WARN_DOCUMENTATION_COMMENTS = YES;
				CLANG_WARN_EMPTY_BODY = YES;
				CLANG_WARN_ENUM_CONVERSION = YES;
				CLANG_WARN_INFINITE_RECURSION = YES;
				CLANG_WARN_INT_CONVERSION = YES;
				CLANG_WARN_NON_LITERAL_NULL_CONVERSION = YES;
				CLANG_WARN_OBJC_IMPLICIT_RETAIN_SELF = YES;
				CLANG_WARN_OBJC_LITERAL_CONVERSION = YES;
				CLANG_WARN_OBJC_ROOT_CLASS = YES_ERROR;
				CLANG_WARN_RANGE_LOOP_ANALYSIS = YES;
				CLANG_WARN_STRICT_PROTOTYPES = YES;
				CLANG_WARN_SUSPICIOUS_MOVE = YES;
				CLANG_WARN_UNGUARDED_AVAILABILITY = YES_AGGRESSIVE;
				CLANG_WARN_UNREACHABLE_CODE = YES;
				CLANG_WARN__DUPLICATE_METHOD_MATCH = YES;
				CODE_SIGN_IDENTITY = "-";
				COPY_PHASE_STRIP = NO;
				DEBUG_INFORMATION_FORMAT = "dwarf-with-dsym";
				ENABLE_NS_ASSERTIONS = NO;
				ENABLE_STRICT_OBJC_MSGSEND = YES;
				GCC_C_LANGUAGE_STANDARD = gnu11;
				GCC_NO_COMMON_BLOCKS = YES;
				GCC_WARN_64_TO_32_BIT_CONVERSION = YES;
				GCC_WARN_ABOUT_RETURN_TYPE = YES_ERROR;
				GCC_WARN_UNDECLARED_SELECTOR = YES;
				GCC_WARN_UNINITIALIZED_AUTOS = YES_AGGRESSIVE;
				GCC_WARN_UNUSED_FUNCTION = YES;
				GCC_WARN_UNUSED_VARIABLE = YES;
				MACOSX_DEPLOYMENT_TARGET = 10.13;
				MTL_ENABLE_DEBUG_INFO = NO;
				SDKROOT = macosx;
			};
			name = Release;
		};
		04E53449212F0EAC006834F4 /* Debug */ = {
			isa = XCBuildConfiguration;
			buildSettings = {
				CODE_SIGN_STYLE = Automatic;
				PRODUCT_NAME = "$(TARGET_NAME)";
			};
			name = Debug;
		};
		04E5344A212F0EAC006834F4 /* Release */ = {
			isa = XCBuildConfiguration;
			buildSettings = {
				CODE_SIGN_STYLE = Automatic;
				PRODUCT_NAME = "$(TARGET_NAME)";
			};
			name = Release;
		};
/* End XCBuildConfiguration section */

/* Begin XCConfigurationList section */
		04E5343C212F0EAC006834F4 /* Build configuration list for PBXProject "yzg" */ = {
			isa = XCConfigurationList;
			buildConfigurations = (
				04E53446212F0EAC006834F4 /* Debug */,
				04E53447212F0EAC006834F4 /* Release */,
			);
			defaultConfigurationIsVisible = 0;
			defaultConfigurationName = Release;
		};
		04E53448212F0EAC006834F4 /* Build configuration list for PBXNativeTarget "yzg" */ = {
			isa = XCConfigurationList;
			buildConfigurations = (
				04E53449212F0EAC006834F4 /* Debug */,
				04E5344A212F0EAC006834F4 /* Release */,
			);
			defaultConfigurationIsVisible = 0;
			defaultConfigurationName = Release;
		};
/* End XCConfigurationList section */
	};
	rootObject = 04E53439212F0EAC006834F4 /* Project object */;
}
