{
  "name": "das-terminal-app-compat-oracle",
  "lockfileVersion": 3,
  "requires": true,
  "packages": {
    "": {
      "name": "das-terminal-app-compat-oracle",
      "devDependencies": {
        "@xterm/addon-unicode11": "0.8.0",
        "@xterm/headless": "5.5.0"
      }
    },
    "node_modules/@xterm/addon-unicode11": {
      "version": "0.8.0",
      "resolved": "https://registry.npmjs.org/@xterm/addon-unicode11/-/addon-unicode11-0.8.0.tgz",
      "integrity": "sha512-LxinXu8SC4OmVa6FhgwsVCBZbr8WoSGzBl2+vqe8WcQ6hb1r6Gj9P99qTNdPiFPh4Ceiu2pC8xukZ6+2nnh49Q==",
      "dev": true,
      "peerDependencies": {
        "@xterm/xterm": "^5.0.0"
      }
    },
    "node_modules/@xterm/headless": {
      "version": "5.5.0",
      "resolved": "https://registry.npmjs.org/@xterm/headless/-/headless-5.5.0.tgz",
      "integrity": "sha512-5xXB7kdQlFBP82ViMJTwwEc3gKCLGKR/eoxQm4zge7GPBl86tCdI0IdPJjoKd8mUSFXz5V7i/25sfsEkP4j46g==",
      "dev": true
    },
    "node_modules/@xterm/xterm": {
      "version": "5.5.0",
      "resolved": "https://registry.npmjs.org/@xterm/xterm/-/xterm-5.5.0.tgz",
      "integrity": "sha512-hqJHYaQb5OptNunnyAnkHyM8aCjZ1MEIDTQu1iIbbTD/xops91NB5yq1ZK/dC2JDbVWtF23zUtl9JE2NqwT87A==",
      "dev": true,
      "peer": true
    }
  }
}
