<?xml version="1.0" encoding="UTF-8" standalone="yes" ?>
<CodeBlocks_project_file>
	<FileVersion major="1" minor="6" />
	<Project>
		<Option title="test" />
		<Option pch_mode="0" />
		<Option compiler="gcc" />
		<Build>
			<Target title="default">
				<Option output="..\test.exe" prefix_auto="0" extension_auto="0" />
				<Option working_dir="..\..\test" />
				<Option type="1" />
				<Option compiler="gcc" />
			</Target>
		</Build>
		<VirtualTargets>
			<Add alias="All" targets="default;" />
		</VirtualTargets>
		<Compiler>
			<Add option="-pedantic" />
			<Add option="-W" />
			<Add option="-Wall" />
			<Add directory="..\..\include" />
		</Compiler>
		<Linker>
			<Add library="..\liburiparser.a" />
			<Add directory="..\" />
		</Linker>
		<Unit filename="..\..\include\uriparser\Uri.h" />
		<Unit filename="..\..\include\uriparser\UriBase.h" />
		<Unit filename="..\..\include\uriparser\UriDefsAnsi.h" />
		<Unit filename="..\..\include\uriparser\UriDefsConfig.h" />
		<Unit filename="..\..\include\uriparser\UriDefsUnicode.h" />
		<Unit filename="..\..\include\uriparser\UriIp4.h" />
		<Unit filename="..\CppTest\collectoroutput.cpp" />
		<Unit filename="..\CppTest\compileroutput.cpp" />
		<Unit filename="..\CppTest\cpptest-assert.h" />
		<Unit filename="..\CppTest\cpptest-collectoroutput.h" />
		<Unit filename="..\CppTest\cpptest-compileroutput.h" />
		<Unit filename="..\CppTest\cpptest-htmloutput.h" />
		<Unit filename="..\CppTest\cpptest-output.h" />
		<Unit filename="..\CppTest\cpptest-source.h" />
		<Unit filename="..\CppTest\cpptest-suite.h" />
		<Unit filename="..\CppTest\cpptest-textoutput.h" />
		<Unit filename="..\CppTest\cpptest-time.h" />
		<Unit filename="..\CppTest\cpptest.h" />
		<Unit filename="..\CppTest\htmloutput.cpp" />
		<Unit filename="..\CppTest\missing.cpp" />
		<Unit filename="..\CppTest\missing.h" />
		<Unit filename="..\CppTest\source.cpp" />
		<Unit filename="..\CppTest\suite.cpp" />
		<Unit filename="..\CppTest\textoutput.cpp" />
		<Unit filename="..\CppTest\time.cpp" />
		<Unit filename="..\CppTest\utils.cpp" />
		<Unit filename="..\CppTest\utils.h" />
		<Unit filename="..\CppTest\winconfig.h" />
		<Unit filename="..\..\test\FourSuite.cpp" />
		<Unit filename="..\..\test\FourSuite.h" />
		<Unit filename="..\..\test\test.cpp" />
		<Extensions>
			<code_completion />
		</Extensions>
	</Project>
</CodeBlocks_project_file>
