<?xml version="1.0" encoding="UTF-8" standalone="yes" ?>
<CodeBlocks_project_file>
	<FileVersion major="1" minor="4" />
	<Project>
		<Option title="uriparser" />
		<Option pch_mode="0" />
		<Option compiler="gcc" />
		<Build>
			<Target title="default">
				<Option output="..\liburiparser.a" />
				<Option working_dir="" />
				<Option type="2" />
				<Option compiler="gcc" />
				<Option includeInTargetAll="1" />
			</Target>
		</Build>
		<Compiler>
			<Add option="-pedantic" />
			<Add option="-W" />
			<Add option="-Wall" />
			<Add option="-DURI_TESTING" />
			<Add directory="..\..\include" />
		</Compiler>
		<Unit filename="..\..\include\uriparser.h">
			<Option compilerVar="CPP" />
			<Option compile="0" />
			<Option link="0" />
			<Option target="default" />
		</Unit>
		<Unit filename="..\..\include\uriparser\UriAnsi.h">
			<Option compilerVar="CPP" />
			<Option compile="0" />
			<Option link="0" />
			<Option target="default" />
		</Unit>
		<Unit filename="..\..\include\uriparser\UriConfig.h">
			<Option compilerVar="CPP" />
			<Option compile="0" />
			<Option link="0" />
			<Option target="default" />
		</Unit>
		<Unit filename="..\..\include\uriparser\UriIndependent.h">
			<Option compilerVar="CPP" />
			<Option compile="0" />
			<Option link="0" />
			<Option target="default" />
		</Unit>
		<Unit filename="..\..\include\uriparser\UriIp4Independent.h">
			<Option compilerVar="CPP" />
			<Option compile="0" />
			<Option link="0" />
			<Option target="default" />
		</Unit>
		<Unit filename="..\..\include\uriparser\UriIp4Twice.h">
			<Option compilerVar="CPP" />
			<Option compile="0" />
			<Option link="0" />
			<Option target="default" />
		</Unit>
		<Unit filename="..\..\include\uriparser\UriTwice.h">
			<Option compilerVar="CPP" />
			<Option compile="0" />
			<Option link="0" />
			<Option target="default" />
		</Unit>
		<Unit filename="..\..\include\uriparser\UriUnicode.h">
			<Option compilerVar="CPP" />
			<Option compile="0" />
			<Option link="0" />
			<Option target="default" />
		</Unit>
		<Unit filename="..\..\lib\UriIndependent.c">
			<Option compilerVar="CC" />
			<Option target="default" />
		</Unit>
		<Unit filename="..\..\lib\UriIp4Independent.c">
			<Option compilerVar="CC" />
			<Option target="default" />
		</Unit>
		<Unit filename="..\..\lib\UriIp4Twice.c">
			<Option compilerVar="CC" />
			<Option target="default" />
		</Unit>
		<Unit filename="..\..\lib\UriTwice.c">
			<Option compilerVar="CC" />
			<Option target="default" />
		</Unit>
		<Unit filename="..\..\lib\uriparser.c">
			<Option compilerVar="CC" />
			<Option target="default" />
		</Unit>
	</Project>
</CodeBlocks_project_file>