<?xml version="1.0" encoding="UTF-8" standalone="yes" ?>
<CodeBlocks_project_file>
	<FileVersion major="1" minor="6" />
	<Project>
		<Option title="uriparser" />
		<Option pch_mode="0" />
		<Option compiler="gcc" />
		<Build>
			<Target title="default">
				<Option output="..\liburiparser.a" prefix_auto="0" extension_auto="0" />
				<Option working_dir="" />
				<Option type="2" />
				<Option compiler="gcc" />
			</Target>
		</Build>
		<VirtualTargets>
			<Add alias="All" targets="default;" />
		</VirtualTargets>
		<Compiler>
			<Add option="-pedantic" />
			<Add option="-W" />
			<Add option="-Wall" />
			<Add directory="..\..\include" />
		</Compiler>
		<Unit filename="..\..\include\uriparser\Uri.h" />
		<Unit filename="..\..\include\uriparser\UriBase.h" />
		<Unit filename="..\..\include\uriparser\UriDefsAnsi.h" />
		<Unit filename="..\..\include\uriparser\UriDefsConfig.h" />
		<Unit filename="..\..\include\uriparser\UriDefsUnicode.h" />
		<Unit filename="..\..\include\uriparser\UriIp4.h" />
		<Unit filename="..\..\src\UriCommon.c">
			<Option compilerVar="CC" />
		</Unit>
		<Unit filename="..\..\src\UriCommon.h" />
		<Unit filename="..\..\src\UriCompare.c">
			<Option compilerVar="CC" />
		</Unit>
		<Unit filename="..\..\src\UriEscape.c">
			<Option compilerVar="CC" />
		</Unit>
		<Unit filename="..\..\src\UriFile.c">
			<Option compilerVar="CC" />
		</Unit>
		<Unit filename="..\..\src\UriIp4.c">
			<Option compilerVar="CC" />
		</Unit>
		<Unit filename="..\..\src\UriIp4Base.c">
			<Option compilerVar="CC" />
		</Unit>
		<Unit filename="..\..\src\UriIp4Base.h" />
		<Unit filename="..\..\src\UriNormalize.c">
			<Option compilerVar="CC" />
		</Unit>
		<Unit filename="..\..\src\UriNormalizeBase.c">
			<Option compilerVar="CC" />
		</Unit>
		<Unit filename="..\..\src\UriNormalizeBase.h" />
		<Unit filename="..\..\src\UriParse.c">
			<Option compilerVar="CC" />
		</Unit>
		<Unit filename="..\..\src\UriParseBase.c">
			<Option compilerVar="CC" />
		</Unit>
		<Unit filename="..\..\src\UriParseBase.h" />
		<Unit filename="..\..\src\UriQuery.c">
			<Option compilerVar="CC" />
		</Unit>
		<Unit filename="..\..\src\UriRecompose.c">
			<Option compilerVar="CC" />
		</Unit>
		<Unit filename="..\..\src\UriResolve.c">
			<Option compilerVar="CC" />
		</Unit>
		<Unit filename="..\..\src\UriShorten.c">
			<Option compilerVar="CC" />
		</Unit>
		<Extensions>
			<code_completion />
		</Extensions>
	</Project>
</CodeBlocks_project_file>
